
Microsoft Visual Studio Solution File, Format Version 12.00
# Visual Studio Version 18
VisualStudioVersion = 18.4.11620.152 stable
MinimumVisualStudioVersion = 10.0.40219.1
Project("{FAE04EC0-301F-11D3-BF4B-00C04F79EFBC}") = "Fleetly.Shared", "Fleetly.Shared\Fleetly.Shared.csproj", "{38061D8E-917C-B3CC-B0F3-2090B470A8C8}"
EndProject
Project("{FAE04EC0-301F-11D3-BF4B-00C04F79EFBC}") = "FleetlyBackend", "FleetlyBackend\FleetlyBackend.csproj", "{3E1C4768-6B7B-67E0-9592-377A1560D1EA}"
EndProject
Project("{FAE04EC0-301F-11D3-BF4B-00C04F79EFBC}") = "FleetlyWeb", "FleetlyWeb\FleetlyWeb.csproj", "{5E8A1E64-3519-470C-ADDF-AEE94A44C6FE}"
EndProject
Project("{FAE04EC0-301F-11D3-BF4B-00C04F79EFBC}") = "FleetlyMobile", "FleetlyMobile\FleetlyMobile.csproj", "{8019D71F-728A-4429-9BA4-71CEF6C8DED7}"
EndProject
Project("{2150E333-8FDC-42A3-9474-1A3956D46DE8}") = "docs", "docs", "{5C46BF18-5948-4204-AE3E-DE007A0BF09D}"
EndProject
Project("{2150E333-8FDC-42A3-9474-1A3956D46DE8}") = "images", "images", "{8DB360DF-4560-4E2A-BCC9-41D9E11B8152}"
	ProjectSection(SolutionItems) = preProject
		\\192.168.0.130\Zrzut\Bartek\Politechnika\Inżynierka\Zrzuty ekranu\Dashboard_mobile.png = \\192.168.0.130\Zrzut\Bartek\Politechnika\Inżynierka\Zrzuty ekranu\Dashboard_mobile.png
		\\192.168.0.130\Zrzut\Bartek\Politechnika\Inżynierka\Zrzuty ekranu\Google_route.jpg = \\192.168.0.130\Zrzut\Bartek\Politechnika\Inżynierka\Zrzuty ekranu\Google_route.jpg
		\\192.168.0.130\Zrzut\Bartek\Politechnika\Inżynierka\Zrzuty ekranu\Job_board.jpg = \\192.168.0.130\Zrzut\Bartek\Politechnika\Inżynierka\Zrzuty ekranu\Job_board.jpg
		\\192.168.0.130\Zrzut\Bartek\Politechnika\Inżynierka\Zrzuty ekranu\Notifications.png = \\192.168.0.130\Zrzut\Bartek\Politechnika\Inżynierka\Zrzuty ekranu\Notifications.png
		\\192.168.0.130\Zrzut\Bartek\Politechnika\Inżynierka\Zrzuty ekranu\Order_details_mobile.jpg = \\192.168.0.130\Zrzut\Bartek\Politechnika\Inżynierka\Zrzuty ekranu\Order_details_mobile.jpg
	EndProjectSection
EndProject
Global
	GlobalSection(SolutionConfigurationPlatforms) = preSolution
		Debug|Any CPU = Debug|Any CPU
		Release|Any CPU = Release|Any CPU
	EndGlobalSection
	GlobalSection(ProjectConfigurationPlatforms) = postSolution
		{38061D8E-917C-B3CC-B0F3-2090B470A8C8}.Debug|Any CPU.ActiveCfg = Debug|Any CPU
		{38061D8E-917C-B3CC-B0F3-2090B470A8C8}.Debug|Any CPU.Build.0 = Debug|Any CPU
		{38061D8E-917C-B3CC-B0F3-2090B470A8C8}.Release|Any CPU.ActiveCfg = Release|Any CPU
		{38061D8E-917C-B3CC-B0F3-2090B470A8C8}.Release|Any CPU.Build.0 = Release|Any CPU
		{3E1C4768-6B7B-67E0-9592-377A1560D1EA}.Debug|Any CPU.ActiveCfg = Debug|Any CPU
		{3E1C4768-6B7B-67E0-9592-377A1560D1EA}.Debug|Any CPU.Build.0 = Debug|Any CPU
		{3E1C4768-6B7B-67E0-9592-377A1560D1EA}.Release|Any CPU.ActiveCfg = Release|Any CPU
		{3E1C4768-6B7B-67E0-9592-377A1560D1EA}.Release|Any CPU.Build.0 = Release|Any CPU
		{5E8A1E64-3519-470C-ADDF-AEE94A44C6FE}.Debug|Any CPU.ActiveCfg = Debug|Any CPU
		{5E8A1E64-3519-470C-ADDF-AEE94A44C6FE}.Debug|Any CPU.Build.0 = Debug|Any CPU
		{5E8A1E64-3519-470C-ADDF-AEE94A44C6FE}.Release|Any CPU.ActiveCfg = Release|Any CPU
		{5E8A1E64-3519-470C-ADDF-AEE94A44C6FE}.Release|Any CPU.Build.0 = Release|Any CPU
		{8019D71F-728A-4429-9BA4-71CEF6C8DED7}.Debug|Any CPU.ActiveCfg = Debug|Any CPU
		{8019D71F-728A-4429-9BA4-71CEF6C8DED7}.Debug|Any CPU.Build.0 = Debug|Any CPU
		{8019D71F-728A-4429-9BA4-71CEF6C8DED7}.Debug|Any CPU.Deploy.0 = Debug|Any CPU
		{8019D71F-728A-4429-9BA4-71CEF6C8DED7}.Release|Any CPU.ActiveCfg = Release|Any CPU
		{8019D71F-728A-4429-9BA4-71CEF6C8DED7}.Release|Any CPU.Build.0 = Release|Any CPU
		{8019D71F-728A-4429-9BA4-71CEF6C8DED7}.Release|Any CPU.Deploy.0 = Release|Any CPU
	EndGlobalSection
	GlobalSection(SolutionProperties) = preSolution
		HideSolutionNode = FALSE
	EndGlobalSection
	GlobalSection(NestedProjects) = preSolution
		{8DB360DF-4560-4E2A-BCC9-41D9E11B8152} = {5C46BF18-5948-4204-AE3E-DE007A0BF09D}
	EndGlobalSection
	GlobalSection(ExtensibilityGlobals) = postSolution
		SolutionGuid = {07AF8B00-DEBB-42F6-B704-99864D76C183}
	EndGlobalSection
EndGlobal
